{
  "name": "pw1",
  "version": "1.0.0",
  "lockfileVersion": 3,
  "requires": true,
  "packages": {
    "": {
      "name": "pw1",
      "version": "1.0.0",
      "license": "ISC",
      "devDependencies": {
        "@iconify-json/logos": "^1.2.9",
        "@iconify-json/mdi": "^1.2.3",
        "playwright-chromium": "^1.51.1"
      }
    },
    "node_modules/@iconify-json/logos": {
      "version": "1.2.9",
      "resolved": "https://registry.npmjs.org/@iconify-json/logos/-/logos-1.2.9.tgz",
      "integrity": "sha512-G6VCdFnwZcrT6Eveq3m43oJfLw/CX8plwFcE+2jgv3fiGB64pTmnU7Yd1MNZ/eA+/Re2iEDhuCfSNOWTHwwK8w==",
      "dev": true,
      "license": "CC0-1.0",
      "dependencies": {
        "@iconify/types": "*"
      }
    },
    "node_modules/@iconify-json/mdi": {
      "version": "1.2.3",
      "resolved": "https://registry.npmjs.org/@iconify-json/mdi/-/mdi-1.2.3.tgz",
      "integrity": "sha512-O3cLwbDOK7NNDf2ihaQOH5F9JglnulNDFV7WprU2dSoZu3h3cWH//h74uQAB87brHmvFVxIOkuBX2sZSzYhScg==",
      "dev": true,
      "license": "Apache-2.0",
      "dependencies": {
        "@iconify/types": "*"
      }
    },
    "node_modules/@iconify/types": {
      "version": "2.0.0",
      "resolved": "https://registry.npmjs.org/@iconify/types/-/types-2.0.0.tgz",
      "integrity": "sha512-+wluvCrRhXrhyOmRDJ3q8mux9JkKy5SJ/v8ol2tu4FVjyYvtEzkc/3pK15ET6RKg4b4w4BmTk1+gsCUhf21Ykg==",
      "dev": true,
      "license": "MIT"
    },
    "node_modules/playwright-chromium": {
      "version": "1.51.1",
      "resolved": "https://registry.npmjs.org/playwright-chromium/-/playwright-chromium-1.51.1.tgz",
      "integrity": "sha512-IQpN8lgv/fx++WRxT8ITZylDwYAamd3Fv5H9g2AWsicp0N829L1oXHziK/6l9h/TMxioSTqc4ifPiZLS8nITxw==",
      "dev": true,
      "hasInstallScript": true,
      "license": "Apache-2.0",
      "dependencies": {
        "playwright-core": "1.51.1"
      },
      "bin": {
        "playwright": "cli.js"
      },
      "engines": {
        "node": ">=18"
      }
    },
    "node_modules/playwright-core": {
      "version": "1.51.1",
      "resolved": "https://registry.npmjs.org/playwright-core/-/playwright-core-1.51.1.tgz",
      "integrity": "sha512-/crRMj8+j/Nq5s8QcvegseuyeZPxpQCZb6HNk3Sos3BlZyAknRjoyJPFWkpNn8v0+P3WiwqFF8P+zQo4eqiNuw==",
      "dev": true,
      "license": "Apache-2.0",
      "bin": {
        "playwright-core": "cli.js"
      },
      "engines": {
        "node": ">=18"
      }
    }
  }
}
